
Microsoft Visual Studio Solution File, Format Version 12.00
# Visual Studio 15
VisualStudioVersion = 15.0.26124.0
MinimumVisualStudioVersion = 15.0.26124.0
Project("{2150E333-8FDC-42A3-9474-1A3956D46DE8}") = "src", "src", "{051E4731-9C07-4271-849A-4F07DFF6FDD5}"
EndProject
Project("{FAE04EC0-301F-11D3-BF4B-00C04F79EFBC}") = "IdentityServer", "src\IdentityServer\IdentityServer.csproj", "{386A8D42-54B9-4AEE-B87E-C0D3641E61B0}"
EndProject
Project("{FAE04EC0-301F-11D3-BF4B-00C04F79EFBC}") = "Api", "src\Api\Api.csproj", "{5D186914-8906-495C-8A72-2996336121CC}"
EndProject
Global
	GlobalSection(SolutionConfigurationPlatforms) = preSolution
		Debug|Any CPU = Debug|Any CPU
		Debug|x64 = Debug|x64
		Debug|x86 = Debug|x86
		Release|Any CPU = Release|Any CPU
		Release|x64 = Release|x64
		Release|x86 = Release|x86
	EndGlobalSection
	GlobalSection(SolutionProperties) = preSolution
		HideSolutionNode = FALSE
	EndGlobalSection
	GlobalSection(ProjectConfigurationPlatforms) = postSolution
		{386A8D42-54B9-4AEE-B87E-C0D3641E61B0}.Debug|Any CPU.ActiveCfg = Debug|Any CPU
		{386A8D42-54B9-4AEE-B87E-C0D3641E61B0}.Debug|Any CPU.Build.0 = Debug|Any CPU
		{386A8D42-54B9-4AEE-B87E-C0D3641E61B0}.Debug|x64.ActiveCfg = Debug|Any CPU
		{386A8D42-54B9-4AEE-B87E-C0D3641E61B0}.Debug|x64.Build.0 = Debug|Any CPU
		{386A8D42-54B9-4AEE-B87E-C0D3641E61B0}.Debug|x86.ActiveCfg = Debug|Any CPU
		{386A8D42-54B9-4AEE-B87E-C0D3641E61B0}.Debug|x86.Build.0 = Debug|Any CPU
		{386A8D42-54B9-4AEE-B87E-C0D3641E61B0}.Release|Any CPU.ActiveCfg = Release|Any CPU
		{386A8D42-54B9-4AEE-B87E-C0D3641E61B0}.Release|Any CPU.Build.0 = Release|Any CPU
		{386A8D42-54B9-4AEE-B87E-C0D3641E61B0}.Release|x64.ActiveCfg = Release|Any CPU
		{386A8D42-54B9-4AEE-B87E-C0D3641E61B0}.Release|x64.Build.0 = Release|Any CPU
		{386A8D42-54B9-4AEE-B87E-C0D3641E61B0}.Release|x86.ActiveCfg = Release|Any CPU
		{386A8D42-54B9-4AEE-B87E-C0D3641E61B0}.Release|x86.Build.0 = Release|Any CPU
		{5D186914-8906-495C-8A72-2996336121CC}.Debug|Any CPU.ActiveCfg = Debug|Any CPU
		{5D186914-8906-495C-8A72-2996336121CC}.Debug|Any CPU.Build.0 = Debug|Any CPU
		{5D186914-8906-495C-8A72-2996336121CC}.Debug|x64.ActiveCfg = Debug|Any CPU
		{5D186914-8906-495C-8A72-2996336121CC}.Debug|x64.Build.0 = Debug|Any CPU
		{5D186914-8906-495C-8A72-2996336121CC}.Debug|x86.ActiveCfg = Debug|Any CPU
		{5D186914-8906-495C-8A72-2996336121CC}.Debug|x86.Build.0 = Debug|Any CPU
		{5D186914-8906-495C-8A72-2996336121CC}.Release|Any CPU.ActiveCfg = Release|Any CPU
		{5D186914-8906-495C-8A72-2996336121CC}.Release|Any CPU.Build.0 = Release|Any CPU
		{5D186914-8906-495C-8A72-2996336121CC}.Release|x64.ActiveCfg = Release|Any CPU
		{5D186914-8906-495C-8A72-2996336121CC}.Release|x64.Build.0 = Release|Any CPU
		{5D186914-8906-495C-8A72-2996336121CC}.Release|x86.ActiveCfg = Release|Any CPU
		{5D186914-8906-495C-8A72-2996336121CC}.Release|x86.Build.0 = Release|Any CPU
	EndGlobalSection
	GlobalSection(NestedProjects) = preSolution
		{386A8D42-54B9-4AEE-B87E-C0D3641E61B0} = {051E4731-9C07-4271-849A-4F07DFF6FDD5}
		{5D186914-8906-495C-8A72-2996336121CC} = {051E4731-9C07-4271-849A-4F07DFF6FDD5}
	EndGlobalSection
EndGlobal
